// !$*UTF8*$!
{
	archiveVersion = 1;
	classes = {
	};
	objectVersion = 46;
	objects = {

/* Begin PBXBuildFile section */
		C292EC9E1B539792001E934A /* main.m in Sources */ = {isa = PBXBuildFile; fileRef = C292EC9D1B539792001E934A /* main.m */; };
		C292ECA11B539792001E934A /* AppDelegate.m in Sources */ = {isa = PBXBuildFile; fileRef = C292ECA01B539792001E934A /* AppDelegate.m */; };
		C292ECA41B539792001E934A /* ViewController.m in Sources */ = {isa = PBXBuildFile; fileRef = C292ECA31B539792001E934A /* ViewController.m */; };
		C292ECA71B539792001E934A /* Main.storyboard in Resources */ = {isa = PBXBuildFile; fileRef = C292ECA51B539792001E934A /* Main.storyboard */; };
		C292ECA91B539792001E934A /* Images.xcassets in Resources */ = {isa = PBXBuildFile; fileRef = C292ECA81B539792001E934A /* Images.xcassets */; };
		C292ECAC1B539792001E934A /* LaunchScreen.xib in Resources */ = {isa = PBXBuildFile; fileRef = C292ECAA1B539792001E934A /* LaunchScreen.xib */; };
		C292ECB81B539793001E934A /* hhhhhhhhhhTests.m in Sources */ = {isa = PBXBuildFile; fileRef = C292ECB71B539793001E934A /* hhhhhhhhhhTests.m */; };
/* End PBXBuildFile section */

/* Begin PBXContainerItemProxy section */
		C292ECB21B539793001E934A /* PBXContainerItemProxy */ = {
			isa = PBXContainerItemProxy;
			containerPortal = C292EC901B539792001E934A /* Project object */;
			proxyType = 1;
			remoteGlobalIDString = C292EC971B539792001E934A;
			remoteInfo = hhhhhhhhhh;
		};
/* End PBXContainerItemProxy section */

/* Begin PBXFileReference section */
		C292EC981B539792001E934A /* hhhhhhhhhh.app */ = {isa = PBXFileReference; explicitFileType = wrapper.application; includeInIndex = 0; path = hhhhhhhhhh.app; sourceTree = BUILT_PRODUCTS_DIR; };
		C292EC9C1B539792001E934A /* Info.plist */ = {isa = PBXFileReference; lastKnownFileType = text.plist.xml; path = Info.plist; sourceTree = "<group>"; };
		C292EC9D1B539792001E934A /* main.m */ = {isa = PBXFileReference; lastKnownFileType = sourcecode.c.objc; path = main.m; sourceTree = "<group>"; };
		C292EC9F1B539792001E934A /* AppDelegate.h */ = {isa = PBXFileReference; lastKnownFileType = sourcecode.c.h; path = AppDelegate.h; sourceTree = "<group>"; };
		C292ECA01B539792001E934A /* AppDelegate.m */ = {isa = PBXFileReference; lastKnownFileType = sourcecode.c.objc; path = AppDelegate.m; sourceTree = "<group>"; };
		C292ECA21B539792001E934A /* ViewController.h */ = {isa = PBXFileReference; lastKnownFileType = sourcecode.c.h; path = ViewController.h; sourceTree = "<group>"; };
		C292ECA31B539792001E934A /* ViewController.m */ = {isa = PBXFileReference; lastKnownFileType = sourcecode.c.objc; path = ViewController.m; sourceTree = "<group>"; };
		C292ECA61B539792001E934A /* Base */ = {isa = PBXFileReference; lastKnownFileType = file.storyboard; name = Base; path = Base.lproj/Main.storyboard; sourceTree = "<group>"; };
		C292ECA81B539792001E934A /* Images.xcassets */ = {isa = PBXFileReference; lastKnownFileType = folder.assetcatalog; path = Images.xcassets; sourceTree = "<group>"; };
		C292ECAB1B539792001E934A /* Base */ = {isa = PBXFileReference; lastKnownFileType = file.xib; name = Base; path = Base.lproj/LaunchScreen.xib; sourceTree = "<group>"; };
		C292ECB11B539793001E934A /* hhhhhhhhhhTests.xctest */ = {isa = PBXFileReference; explicitFileType = wrapper.cfbundle; includeInIndex = 0; path = hhhhhhhhhhTests.xctest; sourceTree = BUILT_PRODUCTS_DIR; };
		C292ECB61B539793001E934A /* Info.plist */ = {isa = PBXFileReference; lastKnownFileType = text.plist.xml; path = Info.plist; sourceTree = "<group>"; };
		C292ECB71B539793001E934A /* hhhhhhhhhhTests.m */ = {isa = PBXFileReference; lastKnownFileType = sourcecode.c.objc; path = hhhhhhhhhhTests.m; sourceTree = "<group>"; };
/* End PBXFileReference section */

/* Begin PBXFrameworksBuildPhase section */
		C292EC951B539792001E934A /* Frameworks */ = {
			isa = PBXFrameworksBuildPhase;
			buildActionMask = 2147483647;
			files = (
			);
			runOnlyForDeploymentPostprocessing = 0;
		};
		C292ECAE1B539793001E934A /* Frameworks */ = {
			isa = PBXFrameworksBuildPhase;
			buildActionMask = 2147483647;
			files = (
			);
			runOnlyForDeploymentPostprocessing = 0;
		};
/* End PBXFrameworksBuildPhase section */

/* Begin PBXGroup section */
		C292EC8F1B539792001E934A = {
			isa = PBXGroup;
			children = (
				C292EC9A1B539792001E934A /* hhhhhhhhhh */,
				C292ECB41B539793001E934A /* hhhhhhhhhhTests */,
				C292EC991B539792001E934A /* Products */,
			);
			sourceTree = "<group>";
		};
		C292EC991B539792001E934A /* Products */ = {
			isa = PBXGroup;
			children = (
				C292EC981B539792001E934A /* hhhhhhhhhh.app */,
				C292ECB11B539793001E934A /* hhhhhhhhhhTests.xctest */,
			);
			name = Products;
			sourceTree = "<group>";
		};
		C292EC9A1B539792001E934A /* hhhhhhhhhh */ = {
			isa = PBXGroup;
			children = (
				C292EC9F1B539792001E934A /* AppDelegate.h */,
				C292ECA01B539792001E934A /* AppDelegate.m */,
				C292ECA21B539792001E934A /* ViewController.h */,
				C292ECA31B539792001E934A /* ViewController.m */,
				C292ECA51B539792001E934A /* Main.storyboard */,
				C292ECA81B539792001E934A /* Images.xcassets */,
				C292ECAA1B539792001E934A /* LaunchScreen.xib */,
				C292EC9B1B539792001E934A /* Supporting Files */,
			);
			path = hhhhhhhhhh;
			sourceTree = "<group>";
		};
		C292EC9B1B539792001E934A /* Supporting Files */ = {
			isa = PBXGroup;
			children = (
				C292EC9C1B539792001E934A /* Info.plist */,
				C292EC9D1B539792001E934A /* main.m */,
			);
			name = "Supporting Files";
			sourceTree = "<group>";
		};
		C292ECB41B539793001E934A /* hhhhhhhhhhTests */ = {
			isa = PBXGroup;
			children = (
				C292ECB71B539793001E934A /* hhhhhhhhhhTests.m */,
				C292ECB51B539793001E934A /* Supporting Files */,
			);
			path = hhhhhhhhhhTests;
			sourceTree = "<group>";
		};
		C292ECB51B539793001E934A /* Supporting Files */ = {
			isa = PBXGroup;
			children = (
				C292ECB61B539793001E934A /* Info.plist */,
			);
			name = "Supporting Files";
			sourceTree = "<group>";
		};
/* End PBXGroup section */

/* Begin PBXNativeTarget section */
		C292EC971B539792001E934A /* hhhhhhhhhh */ = {
			isa = PBXNativeTarget;
			buildConfigurationList = C292ECBB1B539793001E934A /* Build configuration list for PBXNativeTarget "hhhhhhhhhh" */;
			buildPhases = (
				C292EC941B539792001E934A /* Sources */,
				C292EC951B539792001E934A /* Frameworks */,
				C292EC961B539792001E934A /* Resources */,
			);
			buildRules = (
			);
			dependencies = (
			);
			name = hhhhhhhhhh;
			productName = hhhhhhhhhh;
			productReference = C292EC981B539792001E934A /* hhhhhhhhhh.app */;
			productType = "com.apple.product-type.application";
		};
		C292ECB01B539793001E934A /* hhhhhhhhhhTests */ = {
			isa = PBXNativeTarget;
			buildConfigurationList = C292ECBE1B539793001E934A /* Build configuration list for PBXNativeTarget "hhhhhhhhhhTests" */;
			buildPhases = (
				C292ECAD1B539793001E934A /* Sources */,
				C292ECAE1B539793001E934A /* Frameworks */,
				C292ECAF1B539793001E934A /* Resources */,
			);
			buildRules = (
			);
			dependencies = (
				C292ECB31B539793001E934A /* PBXTargetDependency */,
			);
			name = hhhhhhhhhhTests;
			productName = hhhhhhhhhhTests;
			productReference = C292ECB11B539793001E934A /* hhhhhhhhhhTests.xctest */;
			productType = "com.apple.product-type.bundle.unit-test";
		};
/* End PBXNativeTarget section */

/* Begin PBXProject section */
		C292EC901B539792001E934A /* Project object */ = {
			isa = PBXProject;
			attributes = {
				LastUpgradeCheck = 0600;
				ORGANIZATIONNAME = lanou3g;
				TargetAttributes = {
					C292EC971B539792001E934A = {
						CreatedOnToolsVersion = 6.0.1;
					};
					C292ECB01B539793001E934A = {
						CreatedOnToolsVersion = 6.0.1;
						TestTargetID = C292EC971B539792001E934A;
					};
				};
			};
			buildConfigurationList = C292EC931B539792001E934A /* Build configuration list for PBXProject "hhhhhhhhhh" */;
			compatibilityVersion = "Xcode 3.2";
			developmentRegion = English;
			hasScannedForEncodings = 0;
			knownRegions = (
				en,
				Base,
			);
			mainGroup = C292EC8F1B539792001E934A;
			productRefGroup = C292EC991B539792001E934A /* Products */;
			projectDirPath = "";
			projectRoot = "";
			targets = (
				C292EC971B539792001E934A /* hhhhhhhhhh */,
				C292ECB01B539793001E934A /* hhhhhhhhhhTests */,
			);
		};
/* End PBXProject section */

/* Begin PBXResourcesBuildPhase section */
		C292EC961B539792001E934A /* Resources */ = {
			isa = PBXResourcesBuildPhase;
			buildActionMask = 2147483647;
			files = (
				C292ECA71B539792001E934A /* Main.storyboard in Resources */,
				C292ECAC1B539792001E934A /* LaunchScreen.xib in Resources */,
				C292ECA91B539792001E934A /* Images.xcassets in Resources */,
			);
			runOnlyForDeploymentPostprocessing = 0;
		};
		C292ECAF1B539793001E934A /* Resources */ = {
			isa = PBXResourcesBuildPhase;
			buildActionMask = 2147483647;
			files = (
			);
			runOnlyForDeploymentPostprocessing = 0;
		};
/* End PBXResourcesBuildPhase section */

/* Begin PBXSourcesBuildPhase section */
		C292EC941B539792001E934A /* Sources */ = {
			isa = PBXSourcesBuildPhase;
			buildActionMask = 2147483647;
			files = (
				C292ECA41B539792001E934A /* ViewController.m in Sources */,
				C292ECA11B539792001E934A /* AppDelegate.m in Sources */,
				C292EC9E1B539792001E934A /* main.m in Sources */,
			);
			runOnlyForDeploymentPostprocessing = 0;
		};
		C292ECAD1B539793001E934A /* Sources */ = {
			isa = PBXSourcesBuildPhase;
			buildActionMask = 2147483647;
			files = (
				C292ECB81B539793001E934A /* hhhhhhhhhhTests.m in Sources */,
			);
			runOnlyForDeploymentPostprocessing = 0;
		};
/* End PBXSourcesBuildPhase section */

/* Begin PBXTargetDependency section */
		C292ECB31B539793001E934A /* PBXTargetDependency */ = {
			isa = PBXTargetDependency;
			target = C292EC971B539792001E934A /* hhhhhhhhhh */;
			targetProxy = C292ECB21B539793001E934A /* PBXContainerItemProxy */;
		};
/* End PBXTargetDependency section */

/* Begin PBXVariantGroup section */
		C292ECA51B539792001E934A /* Main.storyboard */ = {
			isa = PBXVariantGroup;
			children = (
				C292ECA61B539792001E934A /* Base */,
			);
			name = Main.storyboard;
			sourceTree = "<group>";
		};
		C292ECAA1B539792001E934A /* LaunchScreen.xib */ = {
			isa = PBXVariantGroup;
			children = (
				C292ECAB1B539792001E934A /* Base */,
			);
			name = LaunchScreen.xib;
			sourceTree = "<group>";
		};
/* End PBXVariantGroup section */

/* Begin XCBuildConfiguration section */
		C292ECB91B539793001E934A /* Debug */ = {
			isa = XCBuildConfiguration;
			buildSettings = {
				ALWAYS_SEARCH_USER_PATHS = NO;
				CLANG_CXX_LANGUAGE_STANDARD = "gnu++0x";
				CLANG_CXX_LIBRARY = "libc++";
				CLANG_ENABLE_MODULES = YES;
				CLANG_ENABLE_OBJC_ARC = YES;
				CLANG_WARN_BOOL_CONVERSION = YES;
				CLANG_WARN_CONSTANT_CONVERSION = YES;
				CLANG_WARN_DIRECT_OBJC_ISA_USAGE = YES_ERROR;
				CLANG_WARN_EMPTY_BODY = YES;
				CLANG_WARN_ENUM_CONVERSION = YES;
				CLANG_WARN_INT_CONVERSION = YES;
				CLANG_WARN_OBJC_ROOT_CLASS = YES_ERROR;
				CLANG_WARN_UNREACHABLE_CODE = YES;
				CLANG_WARN__DUPLICATE_METHOD_MATCH = YES;
				"CODE_SIGN_IDENTITY[sdk=iphoneos*]" = "iPhone Developer";
				COPY_PHASE_STRIP = NO;
				ENABLE_STRICT_OBJC_MSGSEND = YES;
				GCC_C_LANGUAGE_STANDARD = gnu99;
				GCC_DYNAMIC_NO_PIC = NO;
				GCC_OPTIMIZATION_LEVEL = 0;
				GCC_PREPROCESSOR_DEFINITIONS = (
					"DEBUG=1",
					"$(inherited)",
				);
				GCC_SYMBOLS_PRIVATE_EXTERN = NO;
				GCC_WARN_64_TO_32_BIT_CONVERSION = YES;
				GCC_WARN_ABOUT_RETURN_TYPE = YES_ERROR;
				GCC_WARN_UNDECLARED_SELECTOR = YES;
				GCC_WARN_UNINITIALIZED_AUTOS = YES_AGGRESSIVE;
				GCC_WARN_UNUSED_FUNCTION = YES;
				GCC_WARN_UNUSED_VARIABLE = YES;
				IPHONEOS_DEPLOYMENT_TARGET = 8.0;
				MTL_ENABLE_DEBUG_INFO = YES;
				ONLY_ACTIVE_ARCH = YES;
				SDKROOT = iphoneos;
				TARGETED_DEVICE_FAMILY = "1,2";
			};
			name = Debug;
		};
		C292ECBA1B539793001E934A /* Release */ = {
			isa = XCBuildConfiguration;
			buildSettings = {
				ALWAYS_SEARCH_USER_PATHS = NO;
				CLANG_CXX_LANGUAGE_STANDARD = "gnu++0x";
				CLANG_CXX_LIBRARY = "libc++";
				CLANG_ENABLE_MODULES = YES;
				CLANG_ENABLE_OBJC_ARC = YES;
				CLANG_WARN_BOOL_CONVERSION = YES;
				CLANG_WARN_CONSTANT_CONVERSION = YES;
				CLANG_WARN_DIRECT_OBJC_ISA_USAGE = YES_ERROR;
				CLANG_WARN_EMPTY_BODY = YES;
				CLANG_WARN_ENUM_CONVERSION = YES;
				CLANG_WARN_INT_CONVERSION = YES;
				CLANG_WARN_OBJC_ROOT_CLASS = YES_ERROR;
				CLANG_WARN_UNREACHABLE_CODE = YES;
				CLANG_WARN__DUPLICATE_METHOD_MATCH = YES;
				"CODE_SIGN_IDENTITY[sdk=iphoneos*]" = "iPhone Developer";
				COPY_PHASE_STRIP = YES;
				ENABLE_NS_ASSERTIONS = NO;
				ENABLE_STRICT_OBJC_MSGSEND = YES;
				GCC_C_LANGUAGE_STANDARD = gnu99;
				GCC_WARN_64_TO_32_BIT_CONVERSION = YES;
				GCC_WARN_ABOUT_RETURN_TYPE = YES_ERROR;
				GCC_WARN_UNDECLARED_SELECTOR = YES;
				GCC_WARN_UNINITIALIZED_AUTOS = YES_AGGRESSIVE;
				GCC_WARN_UNUSED_FUNCTION = YES;
				GCC_WARN_UNUSED_VARIABLE = YES;
				IPHONEOS_DEPLOYMENT_TARGET = 8.0;
				MTL_ENABLE_DEBUG_INFO = NO;
				SDKROOT = iphoneos;
				TARGETED_DEVICE_FAMILY = "1,2";
				VALIDATE_PRODUCT = YES;
			};
			name = Release;
		};
		C292ECBC1B539793001E934A /* Debug */ = {
			isa = XCBuildConfiguration;
			buildSettings = {
				ASSETCATALOG_COMPILER_APPICON_NAME = AppIcon;
				INFOPLIST_FILE = hhhhhhhhhh/Info.plist;
				LD_RUNPATH_SEARCH_PATHS = "$(inherited) @executable_path/Frameworks";
				PRODUCT_NAME = "$(TARGET_NAME)";
			};
			name = Debug;
		};
		C292ECBD1B539793001E934A /* Release */ = {
			isa = XCBuildConfiguration;
			buildSettings = {
				ASSETCATALOG_COMPILER_APPICON_NAME = AppIcon;
				INFOPLIST_FILE = hhhhhhhhhh/Info.plist;
				LD_RUNPATH_SEARCH_PATHS = "$(inherited) @executable_path/Frameworks";
				PRODUCT_NAME = "$(TARGET_NAME)";
			};
			name = Release;
		};
		C292ECBF1B539793001E934A /* Debug */ = {
			isa = XCBuildConfiguration;
			buildSettings = {
				BUNDLE_LOADER = "$(TEST_HOST)";
				FRAMEWORK_SEARCH_PATHS = (
					"$(SDKROOT)/Developer/Library/Frameworks",
					"$(inherited)",
				);
				GCC_PREPROCESSOR_DEFINITIONS = (
					"DEBUG=1",
					"$(inherited)",
				);
				INFOPLIST_FILE = hhhhhhhhhhTests/Info.plist;
				LD_RUNPATH_SEARCH_PATHS = "$(inherited) @executable_path/Frameworks @loader_path/Frameworks";
				PRODUCT_NAME = "$(TARGET_NAME)";
				TEST_HOST = "$(BUILT_PRODUCTS_DIR)/hhhhhhhhhh.app/hhhhhhhhhh";
			};
			name = Debug;
		};
		C292ECC01B539793001E934A /* Release */ = {
			isa = XCBuildConfiguration;
			buildSettings = {
				BUNDLE_LOADER = "$(TEST_HOST)";
				FRAMEWORK_SEARCH_PATHS = (
					"$(SDKROOT)/Developer/Library/Frameworks",
					"$(inherited)",
				);
				INFOPLIST_FILE = hhhhhhhhhhTests/Info.plist;
				LD_RUNPATH_SEARCH_PATHS = "$(inherited) @executable_path/Frameworks @loader_path/Frameworks";
				PRODUCT_NAME = "$(TARGET_NAME)";
				TEST_HOST = "$(BUILT_PRODUCTS_DIR)/hhhhhhhhhh.app/hhhhhhhhhh";
			};
			name = Release;
		};
/* End XCBuildConfiguration section */

/* Begin XCConfigurationList section */
		C292EC931B539792001E934A /* Build configuration list for PBXProject "hhhhhhhhhh" */ = {
			isa = XCConfigurationList;
			buildConfigurations = (
				C292ECB91B539793001E934A /* Debug */,
				C292ECBA1B539793001E934A /* Release */,
			);
			defaultConfigurationIsVisible = 0;
			defaultConfigurationName = Release;
		};
		C292ECBB1B539793001E934A /* Build configuration list for PBXNativeTarget "hhhhhhhhhh" */ = {
			isa = XCConfigurationList;
			buildConfigurations = (
				C292ECBC1B539793001E934A /* Debug */,
				C292ECBD1B539793001E934A /* Release */,
			);
			defaultConfigurationIsVisible = 0;
		};
		C292ECBE1B539793001E934A /* Build configuration list for PBXNativeTarget "hhhhhhhhhhTests" */ = {
			isa = XCConfigurationList;
			buildConfigurations = (
				C292ECBF1B539793001E934A /* Debug */,
				C292ECC01B539793001E934A /* Release */,
			);
			defaultConfigurationIsVisible = 0;
		};
/* End XCConfigurationList section */
	};
	rootObject = C292EC901B539792001E934A /* Project object */;
}
